// !$*UTF8*$!
{
	archiveVersion = 1;
	classes = {
	};
	objectVersion = 46;
	objects = {

/* Begin PBXBuildFile section */
		65482E871B5E846000ACBDB3 /* AppDelegate.swift in Sources */ = {isa = PBXBuildFile; fileRef = 65482E861B5E846000ACBDB3 /* AppDelegate.swift */; };
		65482E891B5E846000ACBDB3 /* ViewController.swift in Sources */ = {isa = PBXBuildFile; fileRef = 65482E881B5E846000ACBDB3 /* ViewController.swift */; };
		65482E8C1B5E846000ACBDB3 /* Main.storyboard in Resources */ = {isa = PBXBuildFile; fileRef = 65482E8A1B5E846000ACBDB3 /* Main.storyboard */; };
		65482E8E1B5E846000ACBDB3 /* Images.xcassets in Resources */ = {isa = PBXBuildFile; fileRef = 65482E8D1B5E846000ACBDB3 /* Images.xcassets */; };
		65482E911B5E846000ACBDB3 /* LaunchScreen.xib in Resources */ = {isa = PBXBuildFile; fileRef = 65482E8F1B5E846000ACBDB3 /* LaunchScreen.xib */; };
		65482E9D1B5E846000ACBDB3 /* TestAppTests.swift in Sources */ = {isa = PBXBuildFile; fileRef = 65482E9C1B5E846000ACBDB3 /* TestAppTests.swift */; };
		6567B1CB1B5EBB9400A6B2C0 /* Vertical1.framework in Frameworks */ = {isa = PBXBuildFile; fileRef = 6567B1CA1B5EBB9400A6B2C0 /* Vertical1.framework */; };
/* End PBXBuildFile section */

/* Begin PBXContainerItemProxy section */
		65482E971B5E846000ACBDB3 /* PBXContainerItemProxy */ = {
			isa = PBXContainerItemProxy;
			containerPortal = 65482E791B5E845F00ACBDB3 /* Project object */;
			proxyType = 1;
			remoteGlobalIDString = 65482E801B5E846000ACBDB3;
			remoteInfo = TestApp;
		};
/* End PBXContainerItemProxy section */

/* Begin PBXFileReference section */
		65482E811B5E846000ACBDB3 /* TestApp.app */ = {isa = PBXFileReference; explicitFileType = wrapper.application; includeInIndex = 0; path = TestApp.app; sourceTree = BUILT_PRODUCTS_DIR; };
		65482E851B5E846000ACBDB3 /* Info.plist */ = {isa = PBXFileReference; lastKnownFileType = text.plist.xml; path = Info.plist; sourceTree = "<group>"; };
		65482E861B5E846000ACBDB3 /* AppDelegate.swift */ = {isa = PBXFileReference; lastKnownFileType = sourcecode.swift; path = AppDelegate.swift; sourceTree = "<group>"; };
		65482E881B5E846000ACBDB3 /* ViewController.swift */ = {isa = PBXFileReference; lastKnownFileType = sourcecode.swift; path = ViewController.swift; sourceTree = "<group>"; };
		65482E8B1B5E846000ACBDB3 /* Base */ = {isa = PBXFileReference; lastKnownFileType = file.storyboard; name = Base; path = Base.lproj/Main.storyboard; sourceTree = "<group>"; };
		65482E8D1B5E846000ACBDB3 /* Images.xcassets */ = {isa = PBXFileReference; lastKnownFileType = folder.assetcatalog; path = Images.xcassets; sourceTree = "<group>"; };
		65482E901B5E846000ACBDB3 /* Base */ = {isa = PBXFileReference; lastKnownFileType = file.xib; name = Base; path = Base.lproj/LaunchScreen.xib; sourceTree = "<group>"; };
		65482E961B5E846000ACBDB3 /* TestAppTests.xctest */ = {isa = PBXFileReference; explicitFileType = wrapper.cfbundle; includeInIndex = 0; path = TestAppTests.xctest; sourceTree = BUILT_PRODUCTS_DIR; };
		65482E9B1B5E846000ACBDB3 /* Info.plist */ = {isa = PBXFileReference; lastKnownFileType = text.plist.xml; path = Info.plist; sourceTree = "<group>"; };
		65482E9C1B5E846000ACBDB3 /* TestAppTests.swift */ = {isa = PBXFileReference; lastKnownFileType = sourcecode.swift; path = TestAppTests.swift; sourceTree = "<group>"; };
		6567B1CA1B5EBB9400A6B2C0 /* Vertical1.framework */ = {isa = PBXFileReference; lastKnownFileType = wrapper.framework; name = Vertical1.framework; path = Carthage/Build/iOS/Vertical1.framework; sourceTree = "<group>"; };
/* End PBXFileReference section */

/* Begin PBXFrameworksBuildPhase section */
		65482E7E1B5E846000ACBDB3 /* Frameworks */ = {
			isa = PBXFrameworksBuildPhase;
			buildActionMask = 2147483647;
			files = (
				6567B1CB1B5EBB9400A6B2C0 /* Vertical1.framework in Frameworks */,
			);
			runOnlyForDeploymentPostprocessing = 0;
		};
		65482E931B5E846000ACBDB3 /* Frameworks */ = {
			isa = PBXFrameworksBuildPhase;
			buildActionMask = 2147483647;
			files = (
			);
			runOnlyForDeploymentPostprocessing = 0;
		};
/* End PBXFrameworksBuildPhase section */

/* Begin PBXGroup section */
		65482E781B5E845F00ACBDB3 = {
			isa = PBXGroup;
			children = (
				65C002A31B5E87CB00B6FAF0 /* frameworks */,
				65482E831B5E846000ACBDB3 /* TestApp */,
				65482E991B5E846000ACBDB3 /* TestAppTests */,
				65482E821B5E846000ACBDB3 /* Products */,
			);
			sourceTree = "<group>";
		};
		65482E821B5E846000ACBDB3 /* Products */ = {
			isa = PBXGroup;
			children = (
				65482E811B5E846000ACBDB3 /* TestApp.app */,
				65482E961B5E846000ACBDB3 /* TestAppTests.xctest */,
			);
			name = Products;
			sourceTree = "<group>";
		};
		65482E831B5E846000ACBDB3 /* TestApp */ = {
			isa = PBXGroup;
			children = (
				65482E861B5E846000ACBDB3 /* AppDelegate.swift */,
				65482E881B5E846000ACBDB3 /* ViewController.swift */,
				65482E8A1B5E846000ACBDB3 /* Main.storyboard */,
				65482E8D1B5E846000ACBDB3 /* Images.xcassets */,
				65482E8F1B5E846000ACBDB3 /* LaunchScreen.xib */,
				65482E841B5E846000ACBDB3 /* Supporting Files */,
			);
			path = TestApp;
			sourceTree = "<group>";
		};
		65482E841B5E846000ACBDB3 /* Supporting Files */ = {
			isa = PBXGroup;
			children = (
				65482E851B5E846000ACBDB3 /* Info.plist */,
			);
			name = "Supporting Files";
			sourceTree = "<group>";
		};
		65482E991B5E846000ACBDB3 /* TestAppTests */ = {
			isa = PBXGroup;
			children = (
				65482E9C1B5E846000ACBDB3 /* TestAppTests.swift */,
				65482E9A1B5E846000ACBDB3 /* Supporting Files */,
			);
			path = TestAppTests;
			sourceTree = "<group>";
		};
		65482E9A1B5E846000ACBDB3 /* Supporting Files */ = {
			isa = PBXGroup;
			children = (
				65482E9B1B5E846000ACBDB3 /* Info.plist */,
			);
			name = "Supporting Files";
			sourceTree = "<group>";
		};
		65C002A31B5E87CB00B6FAF0 /* frameworks */ = {
			isa = PBXGroup;
			children = (
				6567B1CA1B5EBB9400A6B2C0 /* Vertical1.framework */,
			);
			name = frameworks;
			sourceTree = "<group>";
		};
/* End PBXGroup section */

/* Begin PBXNativeTarget section */
		65482E801B5E846000ACBDB3 /* TestApp */ = {
			isa = PBXNativeTarget;
			buildConfigurationList = 65482EA01B5E846000ACBDB3 /* Build configuration list for PBXNativeTarget "TestApp" */;
			buildPhases = (
				65482E7D1B5E846000ACBDB3 /* Sources */,
				65482E7E1B5E846000ACBDB3 /* Frameworks */,
				65482E7F1B5E846000ACBDB3 /* Resources */,
				6567B1CC1B5EBBA400A6B2C0 /* Copy frameworks from Carthage */,
			);
			buildRules = (
			);
			dependencies = (
			);
			name = TestApp;
			productName = TestApp;
			productReference = 65482E811B5E846000ACBDB3 /* TestApp.app */;
			productType = "com.apple.product-type.application";
		};
		65482E951B5E846000ACBDB3 /* TestAppTests */ = {
			isa = PBXNativeTarget;
			buildConfigurationList = 65482EA31B5E846000ACBDB3 /* Build configuration list for PBXNativeTarget "TestAppTests" */;
			buildPhases = (
				65482E921B5E846000ACBDB3 /* Sources */,
				65482E931B5E846000ACBDB3 /* Frameworks */,
				65482E941B5E846000ACBDB3 /* Resources */,
			);
			buildRules = (
			);
			dependencies = (
				65482E981B5E846000ACBDB3 /* PBXTargetDependency */,
			);
			name = TestAppTests;
			productName = TestAppTests;
			productReference = 65482E961B5E846000ACBDB3 /* TestAppTests.xctest */;
			productType = "com.apple.product-type.bundle.unit-test";
		};
/* End PBXNativeTarget section */

/* Begin PBXProject section */
		65482E791B5E845F00ACBDB3 /* Project object */ = {
			isa = PBXProject;
			attributes = {
				LastUpgradeCheck = 0640;
				ORGANIZATIONNAME = Despegar;
				TargetAttributes = {
					65482E801B5E846000ACBDB3 = {
						CreatedOnToolsVersion = 6.4;
					};
					65482E951B5E846000ACBDB3 = {
						CreatedOnToolsVersion = 6.4;
						TestTargetID = 65482E801B5E846000ACBDB3;
					};
				};
			};
			buildConfigurationList = 65482E7C1B5E845F00ACBDB3 /* Build configuration list for PBXProject "TestApp" */;
			compatibilityVersion = "Xcode 3.2";
			developmentRegion = English;
			hasScannedForEncodings = 0;
			knownRegions = (
				en,
				Base,
			);
			mainGroup = 65482E781B5E845F00ACBDB3;
			productRefGroup = 65482E821B5E846000ACBDB3 /* Products */;
			projectDirPath = "";
			projectRoot = "";
			targets = (
				65482E801B5E846000ACBDB3 /* TestApp */,
				65482E951B5E846000ACBDB3 /* TestAppTests */,
			);
		};
/* End PBXProject section */

/* Begin PBXResourcesBuildPhase section */
		65482E7F1B5E846000ACBDB3 /* Resources */ = {
			isa = PBXResourcesBuildPhase;
			buildActionMask = 2147483647;
			files = (
				65482E8C1B5E846000ACBDB3 /* Main.storyboard in Resources */,
				65482E911B5E846000ACBDB3 /* LaunchScreen.xib in Resources */,
				65482E8E1B5E846000ACBDB3 /* Images.xcassets in Resources */,
			);
			runOnlyForDeploymentPostprocessing = 0;
		};
		65482E941B5E846000ACBDB3 /* Resources */ = {
			isa = PBXResourcesBuildPhase;
			buildActionMask = 2147483647;
			files = (
			);
			runOnlyForDeploymentPostprocessing = 0;
		};
/* End PBXResourcesBuildPhase section */

/* Begin PBXShellScriptBuildPhase section */
		6567B1CC1B5EBBA400A6B2C0 /* Copy frameworks from Carthage */ = {
			isa = PBXShellScriptBuildPhase;
			buildActionMask = 2147483647;
			files = (
			);
			inputPaths = (
				"$(SRCROOT)/Carthage/Build/iOS/Vertical1.framework",
			);
			name = "Copy frameworks from Carthage";
			outputPaths = (
			);
			runOnlyForDeploymentPostprocessing = 0;
			shellPath = /bin/sh;
			shellScript = "/usr/local/bin/carthage copy-frameworks";
		};
/* End PBXShellScriptBuildPhase section */

/* Begin PBXSourcesBuildPhase section */
		65482E7D1B5E846000ACBDB3 /* Sources */ = {
			isa = PBXSourcesBuildPhase;
			buildActionMask = 2147483647;
			files = (
				65482E891B5E846000ACBDB3 /* ViewController.swift in Sources */,
				65482E871B5E846000ACBDB3 /* AppDelegate.swift in Sources */,
			);
			runOnlyForDeploymentPostprocessing = 0;
		};
		65482E921B5E846000ACBDB3 /* Sources */ = {
			isa = PBXSourcesBuildPhase;
			buildActionMask = 2147483647;
			files = (
				65482E9D1B5E846000ACBDB3 /* TestAppTests.swift in Sources */,
			);
			runOnlyForDeploymentPostprocessing = 0;
		};
/* End PBXSourcesBuildPhase section */

/* Begin PBXTargetDependency section */
		65482E981B5E846000ACBDB3 /* PBXTargetDependency */ = {
			isa = PBXTargetDependency;
			target = 65482E801B5E846000ACBDB3 /* TestApp */;
			targetProxy = 65482E971B5E846000ACBDB3 /* PBXContainerItemProxy */;
		};
/* End PBXTargetDependency section */

/* Begin PBXVariantGroup section */
		65482E8A1B5E846000ACBDB3 /* Main.storyboard */ = {
			isa = PBXVariantGroup;
			children = (
				65482E8B1B5E846000ACBDB3 /* Base */,
			);
			name = Main.storyboard;
			sourceTree = "<group>";
		};
		65482E8F1B5E846000ACBDB3 /* LaunchScreen.xib */ = {
			isa = PBXVariantGroup;
			children = (
				65482E901B5E846000ACBDB3 /* Base */,
			);
			name = LaunchScreen.xib;
			sourceTree = "<group>";
		};
/* End PBXVariantGroup section */

/* Begin XCBuildConfiguration section */
		65482E9E1B5E846000ACBDB3 /* Debug */ = {
			isa = XCBuildConfiguration;
			buildSettings = {
				ALWAYS_SEARCH_USER_PATHS = NO;
				CLANG_CXX_LANGUAGE_STANDARD = "gnu++0x";
				CLANG_CXX_LIBRARY = "libc++";
				CLANG_ENABLE_MODULES = YES;
				CLANG_ENABLE_OBJC_ARC = YES;
				CLANG_WARN_BOOL_CONVERSION = YES;
				CLANG_WARN_CONSTANT_CONVERSION = YES;
				CLANG_WARN_DIRECT_OBJC_ISA_USAGE = YES_ERROR;
				CLANG_WARN_EMPTY_BODY = YES;
				CLANG_WARN_ENUM_CONVERSION = YES;
				CLANG_WARN_INT_CONVERSION = YES;
				CLANG_WARN_OBJC_ROOT_CLASS = YES_ERROR;
				CLANG_WARN_UNREACHABLE_CODE = YES;
				CLANG_WARN__DUPLICATE_METHOD_MATCH = YES;
				"CODE_SIGN_IDENTITY[sdk=iphoneos*]" = "iPhone Developer";
				COPY_PHASE_STRIP = NO;
				DEBUG_INFORMATION_FORMAT = "dwarf-with-dsym";
				ENABLE_STRICT_OBJC_MSGSEND = YES;
				GCC_C_LANGUAGE_STANDARD = gnu99;
				GCC_DYNAMIC_NO_PIC = NO;
				GCC_NO_COMMON_BLOCKS = YES;
				GCC_OPTIMIZATION_LEVEL = 0;
				GCC_PREPROCESSOR_DEFINITIONS = (
					"DEBUG=1",
					"$(inherited)",
				);
				GCC_SYMBOLS_PRIVATE_EXTERN = NO;
				GCC_WARN_64_TO_32_BIT_CONVERSION = YES;
				GCC_WARN_ABOUT_RETURN_TYPE = YES_ERROR;
				GCC_WARN_UNDECLARED_SELECTOR = YES;
				GCC_WARN_UNINITIALIZED_AUTOS = YES_AGGRESSIVE;
				GCC_WARN_UNUSED_FUNCTION = YES;
				GCC_WARN_UNUSED_VARIABLE = YES;
				IPHONEOS_DEPLOYMENT_TARGET = 8.4;
				MTL_ENABLE_DEBUG_INFO = YES;
				ONLY_ACTIVE_ARCH = YES;
				SDKROOT = iphoneos;
				SWIFT_OPTIMIZATION_LEVEL = "-Onone";
				TARGETED_DEVICE_FAMILY = "1,2";
			};
			name = Debug;
		};
		65482E9F1B5E846000ACBDB3 /* Release */ = {
			isa = XCBuildConfiguration;
			buildSettings = {
				ALWAYS_SEARCH_USER_PATHS = NO;
				CLANG_CXX_LANGUAGE_STANDARD = "gnu++0x";
				CLANG_CXX_LIBRARY = "libc++";
				CLANG_ENABLE_MODULES = YES;
				CLANG_ENABLE_OBJC_ARC = YES;
				CLANG_WARN_BOOL_CONVERSION = YES;
				CLANG_WARN_CONSTANT_CONVERSION = YES;
				CLANG_WARN_DIRECT_OBJC_ISA_USAGE = YES_ERROR;
				CLANG_WARN_EMPTY_BODY = YES;
				CLANG_WARN_ENUM_CONVERSION = YES;
				CLANG_WARN_INT_CONVERSION = YES;
				CLANG_WARN_OBJC_ROOT_CLASS = YES_ERROR;
				CLANG_WARN_UNREACHABLE_CODE = YES;
				CLANG_WARN__DUPLICATE_METHOD_MATCH = YES;
				"CODE_SIGN_IDENTITY[sdk=iphoneos*]" = "iPhone Developer";
				COPY_PHASE_STRIP = NO;
				DEBUG_INFORMATION_FORMAT = "dwarf-with-dsym";
				ENABLE_NS_ASSERTIONS = NO;
				ENABLE_STRICT_OBJC_MSGSEND = YES;
				GCC_C_LANGUAGE_STANDARD = gnu99;
				GCC_NO_COMMON_BLOCKS = YES;
				GCC_WARN_64_TO_32_BIT_CONVERSION = YES;
				GCC_WARN_ABOUT_RETURN_TYPE = YES_ERROR;
				GCC_WARN_UNDECLARED_SELECTOR = YES;
				GCC_WARN_UNINITIALIZED_AUTOS = YES_AGGRESSIVE;
				GCC_WARN_UNUSED_FUNCTION = YES;
				GCC_WARN_UNUSED_VARIABLE = YES;
				IPHONEOS_DEPLOYMENT_TARGET = 8.4;
				MTL_ENABLE_DEBUG_INFO = NO;
				SDKROOT = iphoneos;
				TARGETED_DEVICE_FAMILY = "1,2";
				VALIDATE_PRODUCT = YES;
			};
			name = Release;
		};
		65482EA11B5E846000ACBDB3 /* Debug */ = {
			isa = XCBuildConfiguration;
			buildSettings = {
				ASSETCATALOG_COMPILER_APPICON_NAME = AppIcon;
				FRAMEWORK_SEARCH_PATHS = (
					"$(inherited)",
					"$(PROJECT_DIR)/Carthage/Build/iOS",
				);
				INFOPLIST_FILE = TestApp/Info.plist;
				LD_RUNPATH_SEARCH_PATHS = "$(inherited) @executable_path/Frameworks";
				PRODUCT_NAME = "$(TARGET_NAME)";
			};
			name = Debug;
		};
		65482EA21B5E846000ACBDB3 /* Release */ = {
			isa = XCBuildConfiguration;
			buildSettings = {
				ASSETCATALOG_COMPILER_APPICON_NAME = AppIcon;
				FRAMEWORK_SEARCH_PATHS = (
					"$(inherited)",
					"$(PROJECT_DIR)/Carthage/Build/iOS",
				);
				INFOPLIST_FILE = TestApp/Info.plist;
				LD_RUNPATH_SEARCH_PATHS = "$(inherited) @executable_path/Frameworks";
				PRODUCT_NAME = "$(TARGET_NAME)";
			};
			name = Release;
		};
		65482EA41B5E846000ACBDB3 /* Debug */ = {
			isa = XCBuildConfiguration;
			buildSettings = {
				BUNDLE_LOADER = "$(TEST_HOST)";
				FRAMEWORK_SEARCH_PATHS = (
					"$(SDKROOT)/Developer/Library/Frameworks",
					"$(inherited)",
				);
				GCC_PREPROCESSOR_DEFINITIONS = (
					"DEBUG=1",
					"$(inherited)",
				);
				INFOPLIST_FILE = TestAppTests/Info.plist;
				LD_RUNPATH_SEARCH_PATHS = "$(inherited) @executable_path/Frameworks @loader_path/Frameworks";
				PRODUCT_NAME = "$(TARGET_NAME)";
				TEST_HOST = "$(BUILT_PRODUCTS_DIR)/TestApp.app/TestApp";
			};
			name = Debug;
		};
		65482EA51B5E846000ACBDB3 /* Release */ = {
			isa = XCBuildConfiguration;
			buildSettings = {
				BUNDLE_LOADER = "$(TEST_HOST)";
				FRAMEWORK_SEARCH_PATHS = (
					"$(SDKROOT)/Developer/Library/Frameworks",
					"$(inherited)",
				);
				INFOPLIST_FILE = TestAppTests/Info.plist;
				LD_RUNPATH_SEARCH_PATHS = "$(inherited) @executable_path/Frameworks @loader_path/Frameworks";
				PRODUCT_NAME = "$(TARGET_NAME)";
				TEST_HOST = "$(BUILT_PRODUCTS_DIR)/TestApp.app/TestApp";
			};
			name = Release;
		};
/* End XCBuildConfiguration section */

/* Begin XCConfigurationList section */
		65482E7C1B5E845F00ACBDB3 /* Build configuration list for PBXProject "TestApp" */ = {
			isa = XCConfigurationList;
			buildConfigurations = (
				65482E9E1B5E846000ACBDB3 /* Debug */,
				65482E9F1B5E846000ACBDB3 /* Release */,
			);
			defaultConfigurationIsVisible = 0;
			defaultConfigurationName = Release;
		};
		65482EA01B5E846000ACBDB3 /* Build configuration list for PBXNativeTarget "TestApp" */ = {
			isa = XCConfigurationList;
			buildConfigurations = (
				65482EA11B5E846000ACBDB3 /* Debug */,
				65482EA21B5E846000ACBDB3 /* Release */,
			);
			defaultConfigurationIsVisible = 0;
			defaultConfigurationName = Release;
		};
		65482EA31B5E846000ACBDB3 /* Build configuration list for PBXNativeTarget "TestAppTests" */ = {
			isa = XCConfigurationList;
			buildConfigurations = (
				65482EA41B5E846000ACBDB3 /* Debug */,
				65482EA51B5E846000ACBDB3 /* Release */,
			);
			defaultConfigurationIsVisible = 0;
			defaultConfigurationName = Release;
		};
/* End XCConfigurationList section */
	};
	rootObject = 65482E791B5E845F00ACBDB3 /* Project object */;
}
